
Microsoft Visual Studio Solution File, Format Version 12.00
# Visual Studio Version 17
VisualStudioVersion = 17.2.32616.157
MinimumVisualStudioVersion = 10.0.40219.1
Project("{FAE04EC0-301F-11D3-BF4B-00C04F79EFBC}") = "ProgettoCDs2", "ProgettoCDs2.csproj", "{94EF2A01-B7F4-4336-836C-0651799AB796}"
EndProject
Global
	GlobalSection(SolutionConfigurationPlatforms) = preSolution
		Debug|Any CPU = Debug|Any CPU
		Release|Any CPU = Release|Any CPU
	EndGlobalSection
	GlobalSection(ProjectConfigurationPlatforms) = postSolution
		{94EF2A01-B7F4-4336-836C-0651799AB796}.Debug|Any CPU.ActiveCfg = Debug|Any CPU
		{94EF2A01-B7F4-4336-836C-0651799AB796}.Debug|Any CPU.Build.0 = Debug|Any CPU
		{94EF2A01-B7F4-4336-836C-0651799AB796}.Release|Any CPU.ActiveCfg = Release|Any CPU
		{94EF2A01-B7F4-4336-836C-0651799AB796}.Release|Any CPU.Build.0 = Release|Any CPU
	EndGlobalSection
	GlobalSection(SolutionProperties) = preSolution
		HideSolutionNode = FALSE
	EndGlobalSection
	GlobalSection(ExtensibilityGlobals) = postSolution
		SolutionGuid = {7DB556F3-3046-4737-8267-EC82F2D29A7E}
	EndGlobalSection
EndGlobal
